
Microsoft Visual Studio Solution File, Format Version 12.00
# Visual Studio 15
VisualStudioVersion = 15.0.28307.489
MinimumVisualStudioVersion = 10.0.40219.1
Project("{9A19103F-16F7-4668-BE54-9A1E7A4F7556}") = "Savaged.OnScreenRulerLib", "Savaged.OnScreenRulerLib\Savaged.OnScreenRulerLib.csproj", "{2604BFE5-758D-40C5-84B1-D4EC2019DEAF}"
EndProject
Project("{FAE04EC0-301F-11D3-BF4B-00C04F79EFBC}") = "Savaged.OnScreenRuler", "Savaged.OnScreenRuler\Savaged.OnScreenRuler.csproj", "{5627905E-F65F-41C6-9362-C617048F86BC}"
EndProject
Project("{2150E333-8FDC-42A3-9474-1A3956D46DE8}") = "Solution Items", "Solution Items", "{BB3BF1A2-4932-4D9E-915C-9D5191820EE7}"
	ProjectSection(SolutionItems) = preProject
		.gitattributes = .gitattributes
		.gitignore = .gitignore
		LICENSE = LICENSE
		README.md = README.md
	EndProjectSection
EndProject
Project("{C7167F0D-BC9F-4E6E-AFE1-012C56B48DB5}") = "Savaged.OnScreenRuler.WAP", "Savaged.OnScreenRuler.WAP\Savaged.OnScreenRuler.WAP.wapproj", "{85742558-AB30-44F3-8E07-B2525BC0FFC4}"
EndProject
Global
	GlobalSection(SolutionConfigurationPlatforms) = preSolution
		Debug|Any CPU = Debug|Any CPU
		Debug|ARM = Debug|ARM
		Debug|x64 = Debug|x64
		Debug|x86 = Debug|x86
		Release|Any CPU = Release|Any CPU
		Release|ARM = Release|ARM
		Release|x64 = Release|x64
		Release|x86 = Release|x86
	EndGlobalSection
	GlobalSection(ProjectConfigurationPlatforms) = postSolution
		{2604BFE5-758D-40C5-84B1-D4EC2019DEAF}.Debug|Any CPU.ActiveCfg = Debug|Any CPU
		{2604BFE5-758D-40C5-84B1-D4EC2019DEAF}.Debug|Any CPU.Build.0 = Debug|Any CPU
		{2604BFE5-758D-40C5-84B1-D4EC2019DEAF}.Debug|ARM.ActiveCfg = Debug|Any CPU
		{2604BFE5-758D-40C5-84B1-D4EC2019DEAF}.Debug|ARM.Build.0 = Debug|Any CPU
		{2604BFE5-758D-40C5-84B1-D4EC2019DEAF}.Debug|x64.ActiveCfg = Debug|Any CPU
		{2604BFE5-758D-40C5-84B1-D4EC2019DEAF}.Debug|x64.Build.0 = Debug|Any CPU
		{2604BFE5-758D-40C5-84B1-D4EC2019DEAF}.Debug|x86.ActiveCfg = Debug|Any CPU
		{2604BFE5-758D-40C5-84B1-D4EC2019DEAF}.Debug|x86.Build.0 = Debug|Any CPU
		{2604BFE5-758D-40C5-84B1-D4EC2019DEAF}.Release|Any CPU.ActiveCfg = Release|Any CPU
		{2604BFE5-758D-40C5-84B1-D4EC2019DEAF}.Release|Any CPU.Build.0 = Release|Any CPU
		{2604BFE5-758D-40C5-84B1-D4EC2019DEAF}.Release|ARM.ActiveCfg = Release|Any CPU
		{2604BFE5-758D-40C5-84B1-D4EC2019DEAF}.Release|ARM.Build.0 = Release|Any CPU
		{2604BFE5-758D-40C5-84B1-D4EC2019DEAF}.Release|x64.ActiveCfg = Release|Any CPU
		{2604BFE5-758D-40C5-84B1-D4EC2019DEAF}.Release|x64.Build.0 = Release|Any CPU
		{2604BFE5-758D-40C5-84B1-D4EC2019DEAF}.Release|x86.ActiveCfg = Release|Any CPU
		{2604BFE5-758D-40C5-84B1-D4EC2019DEAF}.Release|x86.Build.0 = Release|Any CPU
		{5627905E-F65F-41C6-9362-C617048F86BC}.Debug|Any CPU.ActiveCfg = Debug|Any CPU
		{5627905E-F65F-41C6-9362-C617048F86BC}.Debug|Any CPU.Build.0 = Debug|Any CPU
		{5627905E-F65F-41C6-9362-C617048F86BC}.Debug|ARM.ActiveCfg = Debug|Any CPU
		{5627905E-F65F-41C6-9362-C617048F86BC}.Debug|ARM.Build.0 = Debug|Any CPU
		{5627905E-F65F-41C6-9362-C617048F86BC}.Debug|x64.ActiveCfg = Debug|Any CPU
		{5627905E-F65F-41C6-9362-C617048F86BC}.Debug|x64.Build.0 = Debug|Any CPU
		{5627905E-F65F-41C6-9362-C617048F86BC}.Debug|x86.ActiveCfg = Debug|Any CPU
		{5627905E-F65F-41C6-9362-C617048F86BC}.Debug|x86.Build.0 = Debug|Any CPU
		{5627905E-F65F-41C6-9362-C617048F86BC}.Release|Any CPU.ActiveCfg = Release|Any CPU
		{5627905E-F65F-41C6-9362-C617048F86BC}.Release|Any CPU.Build.0 = Release|Any CPU
		{5627905E-F65F-41C6-9362-C617048F86BC}.Release|ARM.ActiveCfg = Release|Any CPU
		{5627905E-F65F-41C6-9362-C617048F86BC}.Release|ARM.Build.0 = Release|Any CPU
		{5627905E-F65F-41C6-9362-C617048F86BC}.Release|x64.ActiveCfg = Release|Any CPU
		{5627905E-F65F-41C6-9362-C617048F86BC}.Release|x64.Build.0 = Release|Any CPU
		{5627905E-F65F-41C6-9362-C617048F86BC}.Release|x86.ActiveCfg = Release|Any CPU
		{5627905E-F65F-41C6-9362-C617048F86BC}.Release|x86.Build.0 = Release|Any CPU
		{85742558-AB30-44F3-8E07-B2525BC0FFC4}.Debug|Any CPU.ActiveCfg = Debug|Any CPU
		{85742558-AB30-44F3-8E07-B2525BC0FFC4}.Debug|Any CPU.Build.0 = Debug|Any CPU
		{85742558-AB30-44F3-8E07-B2525BC0FFC4}.Debug|Any CPU.Deploy.0 = Debug|Any CPU
		{85742558-AB30-44F3-8E07-B2525BC0FFC4}.Debug|ARM.ActiveCfg = Debug|Any CPU
		{85742558-AB30-44F3-8E07-B2525BC0FFC4}.Debug|ARM.Build.0 = Debug|Any CPU
		{85742558-AB30-44F3-8E07-B2525BC0FFC4}.Debug|ARM.Deploy.0 = Debug|Any CPU
		{85742558-AB30-44F3-8E07-B2525BC0FFC4}.Debug|x64.ActiveCfg = Debug|x64
		{85742558-AB30-44F3-8E07-B2525BC0FFC4}.Debug|x64.Build.0 = Debug|x64
		{85742558-AB30-44F3-8E07-B2525BC0FFC4}.Debug|x64.Deploy.0 = Debug|x64
		{85742558-AB30-44F3-8E07-B2525BC0FFC4}.Debug|x86.ActiveCfg = Debug|x86
		{85742558-AB30-44F3-8E07-B2525BC0FFC4}.Debug|x86.Build.0 = Debug|x86
		{85742558-AB30-44F3-8E07-B2525BC0FFC4}.Debug|x86.Deploy.0 = Debug|x86
		{85742558-AB30-44F3-8E07-B2525BC0FFC4}.Release|Any CPU.ActiveCfg = Release|Any CPU
		{85742558-AB30-44F3-8E07-B2525BC0FFC4}.Release|Any CPU.Build.0 = Release|Any CPU
		{85742558-AB30-44F3-8E07-B2525BC0FFC4}.Release|Any CPU.Deploy.0 = Release|Any CPU
		{85742558-AB30-44F3-8E07-B2525BC0FFC4}.Release|ARM.ActiveCfg = Release|Any CPU
		{85742558-AB30-44F3-8E07-B2525BC0FFC4}.Release|ARM.Build.0 = Release|Any CPU
		{85742558-AB30-44F3-8E07-B2525BC0FFC4}.Release|ARM.Deploy.0 = Release|Any CPU
		{85742558-AB30-44F3-8E07-B2525BC0FFC4}.Release|x64.ActiveCfg = Release|x64
		{85742558-AB30-44F3-8E07-B2525BC0FFC4}.Release|x64.Build.0 = Release|x64
		{85742558-AB30-44F3-8E07-B2525BC0FFC4}.Release|x64.Deploy.0 = Release|x64
		{85742558-AB30-44F3-8E07-B2525BC0FFC4}.Release|x86.ActiveCfg = Release|x86
		{85742558-AB30-44F3-8E07-B2525BC0FFC4}.Release|x86.Build.0 = Release|x86
		{85742558-AB30-44F3-8E07-B2525BC0FFC4}.Release|x86.Deploy.0 = Release|x86
	EndGlobalSection
	GlobalSection(SolutionProperties) = preSolution
		HideSolutionNode = FALSE
	EndGlobalSection
	GlobalSection(ExtensibilityGlobals) = postSolution
		SolutionGuid = {F1D13BB3-9EC9-4B3A-BA8C-AD1AB10F76B9}
	EndGlobalSection
EndGlobal
